
Microsoft Visual Studio Solution File, Format Version 11.00
# Visual Studio 2010
# SharpDevelop 5.1
Project("{FAE04EC0-301F-11D3-BF4B-00C04F79EFBC}") = "taskmgr", "taskmgr\taskmgr.csproj", "{DC6CECE6-1677-4F40-859E-F18391AF0842}"
EndProject
Global
	GlobalSection(SolutionConfigurationPlatforms) = preSolution
		Debug|Any CPU = Debug|Any CPU
		Release|Any CPU = Release|Any CPU
	EndGlobalSection
	GlobalSection(ProjectConfigurationPlatforms) = postSolution
		{DC6CECE6-1677-4F40-859E-F18391AF0842}.Debug|Any CPU.ActiveCfg = Debug|Any CPU
		{DC6CECE6-1677-4F40-859E-F18391AF0842}.Debug|Any CPU.Build.0 = Debug|Any CPU
		{DC6CECE6-1677-4F40-859E-F18391AF0842}.Release|Any CPU.ActiveCfg = Release|Any CPU
		{DC6CECE6-1677-4F40-859E-F18391AF0842}.Release|Any CPU.Build.0 = Release|Any CPU
	EndGlobalSection
EndGlobal
